
Microsoft Visual Studio Solution File, Format Version 12.00
# Visual Studio Version 16
VisualStudioVersion = 16.0.29728.190
MinimumVisualStudioVersion = 10.0.40219.1
Project("{FAE04EC0-301F-11D3-BF4B-00C04F79EFBC}") = "HashTables", "HashTables\HashTables.csproj", "{045B74B5-7F77-4355-950A-E81BCF33B2E1}"
EndProject
Global
	GlobalSection(SolutionConfigurationPlatforms) = preSolution
		Debug|Any CPU = Debug|Any CPU
		Release|Any CPU = Release|Any CPU
	EndGlobalSection
	GlobalSection(ProjectConfigurationPlatforms) = postSolution
		{045B74B5-7F77-4355-950A-E81BCF33B2E1}.Debug|Any CPU.ActiveCfg = Debug|Any CPU
		{045B74B5-7F77-4355-950A-E81BCF33B2E1}.Debug|Any CPU.Build.0 = Debug|Any CPU
		{045B74B5-7F77-4355-950A-E81BCF33B2E1}.Release|Any CPU.ActiveCfg = Release|Any CPU
		{045B74B5-7F77-4355-950A-E81BCF33B2E1}.Release|Any CPU.Build.0 = Release|Any CPU
	EndGlobalSection
	GlobalSection(SolutionProperties) = preSolution
		HideSolutionNode = FALSE
	EndGlobalSection
	GlobalSection(ExtensibilityGlobals) = postSolution
		SolutionGuid = {4383419B-2C10-45D1-9219-837C518EF4EB}
	EndGlobalSection
EndGlobal
